
Microsoft Visual Studio Solution File, Format Version 12.00
# Visual Studio Version 16
VisualStudioVersion = 16.0.32929.386
MinimumVisualStudioVersion = 10.0.40219.1
Project("{8BC9CEB8-8B4A-11D0-8D11-00A0C91BC942}") = "N2", "N2\N2.vcxproj", "{D6378009-482D-4A23-9234-9BA927B78566}"
EndProject
Project("{8BC9CEB8-8B4A-11D0-8D11-00A0C91BC942}") = "N2 Queue", "N2 Queue\N2 Queue.vcxproj", "{AB57AC70-F79B-4E0C-A4B4-391C90D212E5}"
EndProject
Project("{8BC9CEB8-8B4A-11D0-8D11-00A0C91BC942}") = "N2 List", "N2 List\N2 List.vcxproj", "{A8107284-EF89-438B-8C1A-88250869E010}"
EndProject
Project("{8BC9CEB8-8B4A-11D0-8D11-00A0C91BC942}") = "DoubleList", "DoubleList\DoubleList.vcxproj", "{6E222DD4-2CAA-4D04-9A9E-ECE4F79A4400}"
EndProject
Project("{8BC9CEB8-8B4A-11D0-8D11-00A0C91BC942}") = "Code_Murdasov", "Code_Murdasov\Code_Murdasov.vcxproj", "{1478F3E7-1F6F-41AB-BCFF-E6D8688A4A7B}"
EndProject
Global
	GlobalSection(SolutionConfigurationPlatforms) = preSolution
		Debug|x64 = Debug|x64
		Debug|x86 = Debug|x86
		Release|x64 = Release|x64
		Release|x86 = Release|x86
	EndGlobalSection
	GlobalSection(ProjectConfigurationPlatforms) = postSolution
		{D6378009-482D-4A23-9234-9BA927B78566}.Debug|x64.ActiveCfg = Debug|x64
		{D6378009-482D-4A23-9234-9BA927B78566}.Debug|x64.Build.0 = Debug|x64
		{D6378009-482D-4A23-9234-9BA927B78566}.Debug|x86.ActiveCfg = Debug|Win32
		{D6378009-482D-4A23-9234-9BA927B78566}.Debug|x86.Build.0 = Debug|Win32
		{D6378009-482D-4A23-9234-9BA927B78566}.Release|x64.ActiveCfg = Release|x64
		{D6378009-482D-4A23-9234-9BA927B78566}.Release|x64.Build.0 = Release|x64
		{D6378009-482D-4A23-9234-9BA927B78566}.Release|x86.ActiveCfg = Release|Win32
		{D6378009-482D-4A23-9234-9BA927B78566}.Release|x86.Build.0 = Release|Win32
		{AB57AC70-F79B-4E0C-A4B4-391C90D212E5}.Debug|x64.ActiveCfg = Debug|x64
		{AB57AC70-F79B-4E0C-A4B4-391C90D212E5}.Debug|x64.Build.0 = Debug|x64
		{AB57AC70-F79B-4E0C-A4B4-391C90D212E5}.Debug|x86.ActiveCfg = Debug|Win32
		{AB57AC70-F79B-4E0C-A4B4-391C90D212E5}.Debug|x86.Build.0 = Debug|Win32
		{AB57AC70-F79B-4E0C-A4B4-391C90D212E5}.Release|x64.ActiveCfg = Release|x64
		{AB57AC70-F79B-4E0C-A4B4-391C90D212E5}.Release|x64.Build.0 = Release|x64
		{AB57AC70-F79B-4E0C-A4B4-391C90D212E5}.Release|x86.ActiveCfg = Release|Win32
		{AB57AC70-F79B-4E0C-A4B4-391C90D212E5}.Release|x86.Build.0 = Release|Win32
		{A8107284-EF89-438B-8C1A-88250869E010}.Debug|x64.ActiveCfg = Debug|x64
		{A8107284-EF89-438B-8C1A-88250869E010}.Debug|x64.Build.0 = Debug|x64
		{A8107284-EF89-438B-8C1A-88250869E010}.Debug|x86.ActiveCfg = Debug|Win32
		{A8107284-EF89-438B-8C1A-88250869E010}.Debug|x86.Build.0 = Debug|Win32
		{A8107284-EF89-438B-8C1A-88250869E010}.Release|x64.ActiveCfg = Release|x64
		{A8107284-EF89-438B-8C1A-88250869E010}.Release|x64.Build.0 = Release|x64
		{A8107284-EF89-438B-8C1A-88250869E010}.Release|x86.ActiveCfg = Release|Win32
		{A8107284-EF89-438B-8C1A-88250869E010}.Release|x86.Build.0 = Release|Win32
		{6E222DD4-2CAA-4D04-9A9E-ECE4F79A4400}.Debug|x64.ActiveCfg = Debug|x64
		{6E222DD4-2CAA-4D04-9A9E-ECE4F79A4400}.Debug|x64.Build.0 = Debug|x64
		{6E222DD4-2CAA-4D04-9A9E-ECE4F79A4400}.Debug|x86.ActiveCfg = Debug|Win32
		{6E222DD4-2CAA-4D04-9A9E-ECE4F79A4400}.Debug|x86.Build.0 = Debug|Win32
		{6E222DD4-2CAA-4D04-9A9E-ECE4F79A4400}.Release|x64.ActiveCfg = Release|x64
		{6E222DD4-2CAA-4D04-9A9E-ECE4F79A4400}.Release|x64.Build.0 = Release|x64
		{6E222DD4-2CAA-4D04-9A9E-ECE4F79A4400}.Release|x86.ActiveCfg = Release|Win32
		{6E222DD4-2CAA-4D04-9A9E-ECE4F79A4400}.Release|x86.Build.0 = Release|Win32
		{1478F3E7-1F6F-41AB-BCFF-E6D8688A4A7B}.Debug|x64.ActiveCfg = Debug|x64
		{1478F3E7-1F6F-41AB-BCFF-E6D8688A4A7B}.Debug|x64.Build.0 = Debug|x64
		{1478F3E7-1F6F-41AB-BCFF-E6D8688A4A7B}.Debug|x86.ActiveCfg = Debug|Win32
		{1478F3E7-1F6F-41AB-BCFF-E6D8688A4A7B}.Debug|x86.Build.0 = Debug|Win32
		{1478F3E7-1F6F-41AB-BCFF-E6D8688A4A7B}.Release|x64.ActiveCfg = Release|x64
		{1478F3E7-1F6F-41AB-BCFF-E6D8688A4A7B}.Release|x64.Build.0 = Release|x64
		{1478F3E7-1F6F-41AB-BCFF-E6D8688A4A7B}.Release|x86.ActiveCfg = Release|Win32
		{1478F3E7-1F6F-41AB-BCFF-E6D8688A4A7B}.Release|x86.Build.0 = Release|Win32
	EndGlobalSection
	GlobalSection(SolutionProperties) = preSolution
		HideSolutionNode = FALSE
	EndGlobalSection
	GlobalSection(ExtensibilityGlobals) = postSolution
		SolutionGuid = {5C3AA031-4A15-4BDD-8202-C8206AC25C14}
	EndGlobalSection
EndGlobal
